
Microsoft Visual Studio Solution File, Format Version 12.00
# Visual Studio Version 16
VisualStudioVersion = 16.0.30907.101
MinimumVisualStudioVersion = 10.0.40219.1
Project("{FAE04EC0-301F-11D3-BF4B-00C04F79EFBC}") = "FunctionAppSample", "FunctionAppSample\FunctionAppSample.csproj", "{9F7E4BE7-15F8-4402-B05F-EC07C81BB9B0}"
EndProject
Global
	GlobalSection(SolutionConfigurationPlatforms) = preSolution
		Debug|Any CPU = Debug|Any CPU
		Release|Any CPU = Release|Any CPU
	EndGlobalSection
	GlobalSection(ProjectConfigurationPlatforms) = postSolution
		{05D6B392-9E4F-4F35-B1F9-72F907D9C3D0}.Debug|Any CPU.ActiveCfg = Debug|Any CPU
		{05D6B392-9E4F-4F35-B1F9-72F907D9C3D0}.Debug|Any CPU.Build.0 = Debug|Any CPU
		{05D6B392-9E4F-4F35-B1F9-72F907D9C3D0}.Release|Any CPU.ActiveCfg = Release|Any CPU
		{05D6B392-9E4F-4F35-B1F9-72F907D9C3D0}.Release|Any CPU.Build.0 = Release|Any CPU
		{9F7E4BE7-15F8-4402-B05F-EC07C81BB9B0}.Debug|Any CPU.ActiveCfg = Debug|Any CPU
		{9F7E4BE7-15F8-4402-B05F-EC07C81BB9B0}.Debug|Any CPU.Build.0 = Debug|Any CPU
		{9F7E4BE7-15F8-4402-B05F-EC07C81BB9B0}.Release|Any CPU.ActiveCfg = Release|Any CPU
		{9F7E4BE7-15F8-4402-B05F-EC07C81BB9B0}.Release|Any CPU.Build.0 = Release|Any CPU
	EndGlobalSection
	GlobalSection(SolutionProperties) = preSolution
		HideSolutionNode = FALSE
	EndGlobalSection
	GlobalSection(ExtensibilityGlobals) = postSolution
		SolutionGuid = {0F8C65CD-F0D0-48C5-9AA4-A1DB2BDF1A26}
	EndGlobalSection
EndGlobal
